// !$*UTF8*$!
{
	archiveVersion = 1;
	classes = {
	};
	objectVersion = 46;
	objects = {

/* Begin PBXBuildFile section */
		2A118BD41652F892007186D2 /* UIKit.framework in Frameworks */ = {isa = PBXBuildFile; fileRef = 2A118BD31652F892007186D2 /* UIKit.framework */; };
		2A118BD61652F892007186D2 /* Foundation.framework in Frameworks */ = {isa = PBXBuildFile; fileRef = 2A118BD51652F892007186D2 /* Foundation.framework */; };
		2A118BD81652F892007186D2 /* CoreGraphics.framework in Frameworks */ = {isa = PBXBuildFile; fileRef = 2A118BD71652F892007186D2 /* CoreGraphics.framework */; };
		2A118BDE1652F892007186D2 /* InfoPlist.strings in Resources */ = {isa = PBXBuildFile; fileRef = 2A118BDC1652F892007186D2 /* InfoPlist.strings */; };
		2A118BE01652F892007186D2 /* main.m in Sources */ = {isa = PBXBuildFile; fileRef = 2A118BDF1652F892007186D2 /* main.m */; };
		2A118BE41652F892007186D2 /* AppDelegate.m in Sources */ = {isa = PBXBuildFile; fileRef = 2A118BE31652F892007186D2 /* AppDelegate.m */; };
		2A118BE61652F892007186D2 /* Default.png in Resources */ = {isa = PBXBuildFile; fileRef = 2A118BE51652F892007186D2 /* Default.png */; };
		2A118BE81652F892007186D2 /* Default@2x.png in Resources */ = {isa = PBXBuildFile; fileRef = 2A118BE71652F892007186D2 /* Default@2x.png */; };
		2A118BEA1652F892007186D2 /* Default-568h@2x.png in Resources */ = {isa = PBXBuildFile; fileRef = 2A118BE91652F892007186D2 /* Default-568h@2x.png */; };
		2A118BED1652F892007186D2 /* ViewController.m in Sources */ = {isa = PBXBuildFile; fileRef = 2A118BEC1652F892007186D2 /* ViewController.m */; };
		2A118BF01652F892007186D2 /* ViewController_iPhone.xib in Resources */ = {isa = PBXBuildFile; fileRef = 2A118BEE1652F892007186D2 /* ViewController_iPhone.xib */; };
		2A118BF31652F892007186D2 /* ViewController_iPad.xib in Resources */ = {isa = PBXBuildFile; fileRef = 2A118BF11652F892007186D2 /* ViewController_iPad.xib */; };
		2A118BFB1652FDDC007186D2 /* CustomerService.m in Sources */ = {isa = PBXBuildFile; fileRef = 2A118BFA1652FDDC007186D2 /* CustomerService.m */; };
/* End PBXBuildFile section */

/* Begin PBXFileReference section */
		2A118BCF1652F892007186D2 /* ProtocolDelegate.app */ = {isa = PBXFileReference; explicitFileType = wrapper.application; includeInIndex = 0; path = ProtocolDelegate.app; sourceTree = BUILT_PRODUCTS_DIR; };
		2A118BD31652F892007186D2 /* UIKit.framework */ = {isa = PBXFileReference; lastKnownFileType = wrapper.framework; name = UIKit.framework; path = System/Library/Frameworks/UIKit.framework; sourceTree = SDKROOT; };
		2A118BD51652F892007186D2 /* Foundation.framework */ = {isa = PBXFileReference; lastKnownFileType = wrapper.framework; name = Foundation.framework; path = System/Library/Frameworks/Foundation.framework; sourceTree = SDKROOT; };
		2A118BD71652F892007186D2 /* CoreGraphics.framework */ = {isa = PBXFileReference; lastKnownFileType = wrapper.framework; name = CoreGraphics.framework; path = System/Library/Frameworks/CoreGraphics.framework; sourceTree = SDKROOT; };
		2A118BDB1652F892007186D2 /* ProtocolDelegate-Info.plist */ = {isa = PBXFileReference; lastKnownFileType = text.plist.xml; path = "ProtocolDelegate-Info.plist"; sourceTree = "<group>"; };
		2A118BDD1652F892007186D2 /* en */ = {isa = PBXFileReference; lastKnownFileType = text.plist.strings; name = en; path = en.lproj/InfoPlist.strings; sourceTree = "<group>"; };
		2A118BDF1652F892007186D2 /* main.m */ = {isa = PBXFileReference; lastKnownFileType = sourcecode.c.objc; path = main.m; sourceTree = "<group>"; };
		2A118BE11652F892007186D2 /* ProtocolDelegate-Prefix.pch */ = {isa = PBXFileReference; lastKnownFileType = sourcecode.c.h; path = "ProtocolDelegate-Prefix.pch"; sourceTree = "<group>"; };
		2A118BE21652F892007186D2 /* AppDelegate.h */ = {isa = PBXFileReference; lastKnownFileType = sourcecode.c.h; path = AppDelegate.h; sourceTree = "<group>"; };
		2A118BE31652F892007186D2 /* AppDelegate.m */ = {isa = PBXFileReference; lastKnownFileType = sourcecode.c.objc; path = AppDelegate.m; sourceTree = "<group>"; };
		2A118BE51652F892007186D2 /* Default.png */ = {isa = PBXFileReference; lastKnownFileType = image.png; path = Default.png; sourceTree = "<group>"; };
		2A118BE71652F892007186D2 /* Default@2x.png */ = {isa = PBXFileReference; lastKnownFileType = image.png; path = "Default@2x.png"; sourceTree = "<group>"; };
		2A118BE91652F892007186D2 /* Default-568h@2x.png */ = {isa = PBXFileReference; lastKnownFileType = image.png; path = "Default-568h@2x.png"; sourceTree = "<group>"; };
		2A118BEB1652F892007186D2 /* ViewController.h */ = {isa = PBXFileReference; lastKnownFileType = sourcecode.c.h; path = ViewController.h; sourceTree = "<group>"; };
		2A118BEC1652F892007186D2 /* ViewController.m */ = {isa = PBXFileReference; lastKnownFileType = sourcecode.c.objc; path = ViewController.m; sourceTree = "<group>"; };
		2A118BEF1652F892007186D2 /* en */ = {isa = PBXFileReference; lastKnownFileType = file.xib; name = en; path = en.lproj/ViewController_iPhone.xib; sourceTree = "<group>"; };
		2A118BF21652F892007186D2 /* en */ = {isa = PBXFileReference; lastKnownFileType = file.xib; name = en; path = en.lproj/ViewController_iPad.xib; sourceTree = "<group>"; };
		2A118BF91652FDDC007186D2 /* CustomerService.h */ = {isa = PBXFileReference; fileEncoding = 4; lastKnownFileType = sourcecode.c.h; path = CustomerService.h; sourceTree = "<group>"; };
		2A118BFA1652FDDC007186D2 /* CustomerService.m */ = {isa = PBXFileReference; fileEncoding = 4; lastKnownFileType = sourcecode.c.objc; path = CustomerService.m; sourceTree = "<group>"; };
		2AF768F716556500007A4DAD /* CustomerServiceDelegate.h */ = {isa = PBXFileReference; lastKnownFileType = sourcecode.c.h; path = CustomerServiceDelegate.h; sourceTree = "<group>"; };
/* End PBXFileReference section */

/* Begin PBXFrameworksBuildPhase section */
		2A118BCC1652F892007186D2 /* Frameworks */ = {
			isa = PBXFrameworksBuildPhase;
			buildActionMask = 2147483647;
			files = (
				2A118BD41652F892007186D2 /* UIKit.framework in Frameworks */,
				2A118BD61652F892007186D2 /* Foundation.framework in Frameworks */,
				2A118BD81652F892007186D2 /* CoreGraphics.framework in Frameworks */,
			);
			runOnlyForDeploymentPostprocessing = 0;
		};
/* End PBXFrameworksBuildPhase section */

/* Begin PBXGroup section */
		2A118BC41652F892007186D2 = {
			isa = PBXGroup;
			children = (
				2A118BD91652F892007186D2 /* ProtocolDelegate */,
				2A118BD21652F892007186D2 /* Frameworks */,
				2A118BD01652F892007186D2 /* Products */,
			);
			sourceTree = "<group>";
		};
		2A118BD01652F892007186D2 /* Products */ = {
			isa = PBXGroup;
			children = (
				2A118BCF1652F892007186D2 /* ProtocolDelegate.app */,
			);
			name = Products;
			sourceTree = "<group>";
		};
		2A118BD21652F892007186D2 /* Frameworks */ = {
			isa = PBXGroup;
			children = (
				2A118BD31652F892007186D2 /* UIKit.framework */,
				2A118BD51652F892007186D2 /* Foundation.framework */,
				2A118BD71652F892007186D2 /* CoreGraphics.framework */,
			);
			name = Frameworks;
			sourceTree = "<group>";
		};
		2A118BD91652F892007186D2 /* ProtocolDelegate */ = {
			isa = PBXGroup;
			children = (
				2A118BE21652F892007186D2 /* AppDelegate.h */,
				2A118BE31652F892007186D2 /* AppDelegate.m */,
				2A118BEB1652F892007186D2 /* ViewController.h */,
				2A118BEC1652F892007186D2 /* ViewController.m */,
				2A118BEE1652F892007186D2 /* ViewController_iPhone.xib */,
				2A118BF11652F892007186D2 /* ViewController_iPad.xib */,
				2A118BDA1652F892007186D2 /* Supporting Files */,
				2A118BF91652FDDC007186D2 /* CustomerService.h */,
				2A118BFA1652FDDC007186D2 /* CustomerService.m */,
				2AF768F716556500007A4DAD /* CustomerServiceDelegate.h */,
			);
			path = ProtocolDelegate;
			sourceTree = "<group>";
		};
		2A118BDA1652F892007186D2 /* Supporting Files */ = {
			isa = PBXGroup;
			children = (
				2A118BDB1652F892007186D2 /* ProtocolDelegate-Info.plist */,
				2A118BDC1652F892007186D2 /* InfoPlist.strings */,
				2A118BDF1652F892007186D2 /* main.m */,
				2A118BE11652F892007186D2 /* ProtocolDelegate-Prefix.pch */,
				2A118BE51652F892007186D2 /* Default.png */,
				2A118BE71652F892007186D2 /* Default@2x.png */,
				2A118BE91652F892007186D2 /* Default-568h@2x.png */,
			);
			name = "Supporting Files";
			sourceTree = "<group>";
		};
/* End PBXGroup section */

/* Begin PBXNativeTarget section */
		2A118BCE1652F892007186D2 /* ProtocolDelegate */ = {
			isa = PBXNativeTarget;
			buildConfigurationList = 2A118BF61652F892007186D2 /* Build configuration list for PBXNativeTarget "ProtocolDelegate" */;
			buildPhases = (
				2A118BCB1652F892007186D2 /* Sources */,
				2A118BCC1652F892007186D2 /* Frameworks */,
				2A118BCD1652F892007186D2 /* Resources */,
			);
			buildRules = (
			);
			dependencies = (
			);
			name = ProtocolDelegate;
			productName = ProtocolDelegate;
			productReference = 2A118BCF1652F892007186D2 /* ProtocolDelegate.app */;
			productType = "com.apple.product-type.application";
		};
/* End PBXNativeTarget section */

/* Begin PBXProject section */
		2A118BC61652F892007186D2 /* Project object */ = {
			isa = PBXProject;
			attributes = {
				LastUpgradeCheck = 0450;
				ORGANIZATIONNAME = "neutro code";
			};
			buildConfigurationList = 2A118BC91652F892007186D2 /* Build configuration list for PBXProject "ProtocolDelegate" */;
			compatibilityVersion = "Xcode 3.2";
			developmentRegion = English;
			hasScannedForEncodings = 0;
			knownRegions = (
				en,
			);
			mainGroup = 2A118BC41652F892007186D2;
			productRefGroup = 2A118BD01652F892007186D2 /* Products */;
			projectDirPath = "";
			projectRoot = "";
			targets = (
				2A118BCE1652F892007186D2 /* ProtocolDelegate */,
			);
		};
/* End PBXProject section */

/* Begin PBXResourcesBuildPhase section */
		2A118BCD1652F892007186D2 /* Resources */ = {
			isa = PBXResourcesBuildPhase;
			buildActionMask = 2147483647;
			files = (
				2A118BDE1652F892007186D2 /* InfoPlist.strings in Resources */,
				2A118BE61652F892007186D2 /* Default.png in Resources */,
				2A118BE81652F892007186D2 /* Default@2x.png in Resources */,
				2A118BEA1652F892007186D2 /* Default-568h@2x.png in Resources */,
				2A118BF01652F892007186D2 /* ViewController_iPhone.xib in Resources */,
				2A118BF31652F892007186D2 /* ViewController_iPad.xib in Resources */,
			);
			runOnlyForDeploymentPostprocessing = 0;
		};
/* End PBXResourcesBuildPhase section */

/* Begin PBXSourcesBuildPhase section */
		2A118BCB1652F892007186D2 /* Sources */ = {
			isa = PBXSourcesBuildPhase;
			buildActionMask = 2147483647;
			files = (
				2A118BE01652F892007186D2 /* main.m in Sources */,
				2A118BE41652F892007186D2 /* AppDelegate.m in Sources */,
				2A118BED1652F892007186D2 /* ViewController.m in Sources */,
				2A118BFB1652FDDC007186D2 /* CustomerService.m in Sources */,
			);
			runOnlyForDeploymentPostprocessing = 0;
		};
/* End PBXSourcesBuildPhase section */

/* Begin PBXVariantGroup section */
		2A118BDC1652F892007186D2 /* InfoPlist.strings */ = {
			isa = PBXVariantGroup;
			children = (
				2A118BDD1652F892007186D2 /* en */,
			);
			name = InfoPlist.strings;
			sourceTree = "<group>";
		};
		2A118BEE1652F892007186D2 /* ViewController_iPhone.xib */ = {
			isa = PBXVariantGroup;
			children = (
				2A118BEF1652F892007186D2 /* en */,
			);
			name = ViewController_iPhone.xib;
			sourceTree = "<group>";
		};
		2A118BF11652F892007186D2 /* ViewController_iPad.xib */ = {
			isa = PBXVariantGroup;
			children = (
				2A118BF21652F892007186D2 /* en */,
			);
			name = ViewController_iPad.xib;
			sourceTree = "<group>";
		};
/* End PBXVariantGroup section */

/* Begin XCBuildConfiguration section */
		2A118BF41652F892007186D2 /* Debug */ = {
			isa = XCBuildConfiguration;
			buildSettings = {
				ALWAYS_SEARCH_USER_PATHS = NO;
				CLANG_CXX_LANGUAGE_STANDARD = "gnu++0x";
				CLANG_CXX_LIBRARY = "libc++";
				CLANG_ENABLE_OBJC_ARC = YES;
				CLANG_WARN_EMPTY_BODY = YES;
				CLANG_WARN__DUPLICATE_METHOD_MATCH = YES;
				"CODE_SIGN_IDENTITY[sdk=iphoneos*]" = "iPhone Developer";
				COPY_PHASE_STRIP = NO;
				GCC_C_LANGUAGE_STANDARD = gnu99;
				GCC_DYNAMIC_NO_PIC = NO;
				GCC_OPTIMIZATION_LEVEL = 0;
				GCC_PREPROCESSOR_DEFINITIONS = (
					"DEBUG=1",
					"$(inherited)",
				);
				GCC_SYMBOLS_PRIVATE_EXTERN = NO;
				GCC_WARN_ABOUT_RETURN_TYPE = YES;
				GCC_WARN_UNINITIALIZED_AUTOS = YES;
				GCC_WARN_UNUSED_VARIABLE = YES;
				IPHONEOS_DEPLOYMENT_TARGET = 6.0;
				ONLY_ACTIVE_ARCH = YES;
				SDKROOT = iphoneos;
				TARGETED_DEVICE_FAMILY = "1,2";
			};
			name = Debug;
		};
		2A118BF51652F892007186D2 /* Release */ = {
			isa = XCBuildConfiguration;
			buildSettings = {
				ALWAYS_SEARCH_USER_PATHS = NO;
				CLANG_CXX_LANGUAGE_STANDARD = "gnu++0x";
				CLANG_CXX_LIBRARY = "libc++";
				CLANG_ENABLE_OBJC_ARC = YES;
				CLANG_WARN_EMPTY_BODY = YES;
				CLANG_WARN__DUPLICATE_METHOD_MATCH = YES;
				"CODE_SIGN_IDENTITY[sdk=iphoneos*]" = "iPhone Developer";
				COPY_PHASE_STRIP = YES;
				GCC_C_LANGUAGE_STANDARD = gnu99;
				GCC_WARN_ABOUT_RETURN_TYPE = YES;
				GCC_WARN_UNINITIALIZED_AUTOS = YES;
				GCC_WARN_UNUSED_VARIABLE = YES;
				IPHONEOS_DEPLOYMENT_TARGET = 6.0;
				OTHER_CFLAGS = "-DNS_BLOCK_ASSERTIONS=1";
				SDKROOT = iphoneos;
				TARGETED_DEVICE_FAMILY = "1,2";
				VALIDATE_PRODUCT = YES;
			};
			name = Release;
		};
		2A118BF71652F892007186D2 /* Debug */ = {
			isa = XCBuildConfiguration;
			buildSettings = {
				GCC_PRECOMPILE_PREFIX_HEADER = YES;
				GCC_PREFIX_HEADER = "ProtocolDelegate/ProtocolDelegate-Prefix.pch";
				INFOPLIST_FILE = "ProtocolDelegate/ProtocolDelegate-Info.plist";
				PRODUCT_NAME = "$(TARGET_NAME)";
				WRAPPER_EXTENSION = app;
			};
			name = Debug;
		};
		2A118BF81652F892007186D2 /* Release */ = {
			isa = XCBuildConfiguration;
			buildSettings = {
				GCC_PRECOMPILE_PREFIX_HEADER = YES;
				GCC_PREFIX_HEADER = "ProtocolDelegate/ProtocolDelegate-Prefix.pch";
				INFOPLIST_FILE = "ProtocolDelegate/ProtocolDelegate-Info.plist";
				PRODUCT_NAME = "$(TARGET_NAME)";
				WRAPPER_EXTENSION = app;
			};
			name = Release;
		};
/* End XCBuildConfiguration section */

/* Begin XCConfigurationList section */
		2A118BC91652F892007186D2 /* Build configuration list for PBXProject "ProtocolDelegate" */ = {
			isa = XCConfigurationList;
			buildConfigurations = (
				2A118BF41652F892007186D2 /* Debug */,
				2A118BF51652F892007186D2 /* Release */,
			);
			defaultConfigurationIsVisible = 0;
			defaultConfigurationName = Release;
		};
		2A118BF61652F892007186D2 /* Build configuration list for PBXNativeTarget "ProtocolDelegate" */ = {
			isa = XCConfigurationList;
			buildConfigurations = (
				2A118BF71652F892007186D2 /* Debug */,
				2A118BF81652F892007186D2 /* Release */,
			);
			defaultConfigurationIsVisible = 0;
			defaultConfigurationName = Release;
		};
/* End XCConfigurationList section */
	};
	rootObject = 2A118BC61652F892007186D2 /* Project object */;
}
